
Microsoft Visual Studio Solution File, Format Version 12.00
# Visual Studio Version 16
VisualStudioVersion = 16.0.29609.76
MinimumVisualStudioVersion = 10.0.40219.1
Project("{FAE04EC0-301F-11D3-BF4B-00C04F79EFBC}") = "Client", "RabbitmqExerciese\Client.csproj", "{7A943C8C-2182-45A6-A539-591683F6DE3D}"
EndProject
Project("{FAE04EC0-301F-11D3-BF4B-00C04F79EFBC}") = "Server", "Server\Server.csproj", "{CBC4D265-C470-43B6-9369-334901BE6CF4}"
EndProject
Project("{FAE04EC0-301F-11D3-BF4B-00C04F79EFBC}") = "Server2", "Server2\Server2.csproj", "{70D9F0C6-2EB7-4450-951F-D4CF89BD9429}"
EndProject
Global
	GlobalSection(SolutionConfigurationPlatforms) = preSolution
		Debug|Any CPU = Debug|Any CPU
		Release|Any CPU = Release|Any CPU
	EndGlobalSection
	GlobalSection(ProjectConfigurationPlatforms) = postSolution
		{7A943C8C-2182-45A6-A539-591683F6DE3D}.Debug|Any CPU.ActiveCfg = Debug|Any CPU
		{7A943C8C-2182-45A6-A539-591683F6DE3D}.Debug|Any CPU.Build.0 = Debug|Any CPU
		{7A943C8C-2182-45A6-A539-591683F6DE3D}.Release|Any CPU.ActiveCfg = Release|Any CPU
		{7A943C8C-2182-45A6-A539-591683F6DE3D}.Release|Any CPU.Build.0 = Release|Any CPU
		{CBC4D265-C470-43B6-9369-334901BE6CF4}.Debug|Any CPU.ActiveCfg = Debug|Any CPU
		{CBC4D265-C470-43B6-9369-334901BE6CF4}.Debug|Any CPU.Build.0 = Debug|Any CPU
		{CBC4D265-C470-43B6-9369-334901BE6CF4}.Release|Any CPU.ActiveCfg = Release|Any CPU
		{CBC4D265-C470-43B6-9369-334901BE6CF4}.Release|Any CPU.Build.0 = Release|Any CPU
		{70D9F0C6-2EB7-4450-951F-D4CF89BD9429}.Debug|Any CPU.ActiveCfg = Debug|Any CPU
		{70D9F0C6-2EB7-4450-951F-D4CF89BD9429}.Debug|Any CPU.Build.0 = Debug|Any CPU
		{70D9F0C6-2EB7-4450-951F-D4CF89BD9429}.Release|Any CPU.ActiveCfg = Release|Any CPU
		{70D9F0C6-2EB7-4450-951F-D4CF89BD9429}.Release|Any CPU.Build.0 = Release|Any CPU
	EndGlobalSection
	GlobalSection(SolutionProperties) = preSolution
		HideSolutionNode = FALSE
	EndGlobalSection
	GlobalSection(ExtensibilityGlobals) = postSolution
		SolutionGuid = {E8BCE72A-E3D9-4E13-9748-1EEF463113D9}
	EndGlobalSection
EndGlobal
